hash: c0110a7fc50c748fa5f09c9ee938f0ced9fc735cf2af54fc3395e91f77daef48
updated: 2016-09-29T11:10:04.079973889-07:00
imports:
- name: github.com/aristanetworks/goarista
  version: ab614c9640ad4c081ccd7120056b23ae78d84ec9
  subpackages:
  - elasticsearch
  - openconfig
- name: github.com/dustin/go-humanize
  version: 8929fe90cee4b2cb9deb468b51fb34eba64d1bf0
- name: github.com/eapache/go-resiliency
  version: b86b1ec0dd4209a588dc1285cdd471e73525c0b3
  subpackages:
  - breaker
- name: github.com/eapache/queue
  version: ded5959c0d4e360646dc9e9908cff48666781367
- name: github.com/elastic/beats
  version: 40146f0616ff4bce05acbc0435c9828aa435bfd3
  subpackages:
  - libbeat/beat
  - libbeat/cfgfile
  - libbeat/common
  - libbeat/common/op
  - libbeat/common/streambuf
  - libbeat/filter
  - libbeat/logp
  - libbeat/outputs
  - libbeat/outputs/console
  - libbeat/outputs/elasticsearch
  - libbeat/outputs/fileout
  - libbeat/outputs/kafka
  - libbeat/outputs/logstash
  - libbeat/outputs/mode
  - libbeat/outputs/mode/lb
  - libbeat/outputs/mode/modeutil
  - libbeat/outputs/mode/single
  - libbeat/outputs/redis
  - libbeat/outputs/transport
  - libbeat/paths
  - libbeat/publisher
  - libbeat/service
- name: github.com/garyburd/redigo
  version: ffa8d46ada782d81cfda81a0fbd9f45ceae448e8
  subpackages:
  - internal
  - redis
- name: github.com/golang/protobuf
  version: 87c000235d3d852c1628dc9490cd21ab36a7d69f
  subpackages:
  - proto
  - ptypes/any
- name: github.com/golang/snappy
  version: 894fd4616c897c201d223c3c0c128e8c648c96a2
- name: github.com/klauspost/crc32
  version: 6973dcf6594efa905c08260fe9120cae92ab4305
- name: github.com/nranchev/go-libGeoIP
  version: c78e8bd2dd3599feb21fd30886043979e82fe948
- name: github.com/openconfig/reference
  version: c3acedd9d976c8f70e1995cbf75c7b0eb08ae7ea
  subpackages:
  - rpc/openconfig
- name: github.com/satori/go.uuid
  version: b061729afc07e77a8aa4fad0a2fd840958f1942a
- name: github.com/Shopify/sarama
  version: 4ba9bba6adb6697bcec3841e1ecdfecf5227c3b9
- name: github.com/urso/ucfg
  version: 55e5fb343ba418d5ae520df8d603f292af0fd500
  subpackages:
  - yaml
- name: golang.org/x/net
  version: d58ca6618b994150e624f6888d871f4709db51a0
  subpackages:
  - context
  - http2
  - http2/hpack
  - internal/timeseries
  - proxy
  - trace
- name: golang.org/x/sys
  version: 8f0908ab3b2457e2e15403d3697c9ef5cb4b57a9
  subpackages:
  - windows
  - windows/svc
  - windows/svc/debug
- name: google.golang.org/grpc
  version: 6d7caeea7c3bbc318c636d366c82c328e2ea07b3
  subpackages:
  - codes
  - credentials
  - grpclog
  - internal
  - metadata
  - naming
  - peer
  - transport
- name: gopkg.in/yaml.v2
  version: a5b47d31c556af34a302ce5d659e6fea44d90de0
testImports: []
