hash: 3fc8bac19692ded1e0fb20d0054386e787912acab3e0693134c0da3901f937d1
updated: 2018-02-21T17:43:11.614448188Z
imports:
- name: github.com/aristanetworks/goarista
  version: 1407612bacdb9230af4463aa6e2e226c1a102670
  subpackages:
  - elasticsearch
  - gnmi
  - openconfig
- name: github.com/davecgh/go-spew
  version: 87df7c60d5820d0f8ae11afede5aa52325c09717
  subpackages:
  - spew
- name: github.com/docker/distribution
  version: 6664ec703991875e14419ff4960921cce7678bab
  subpackages:
  - digestset
  - reference
- name: github.com/docker/docker
  version: 0ede01237c9ab871f1b8db0364427407f3e46541
  subpackages:
  - api
  - api/types
  - api/types/blkiodev
  - api/types/container
  - api/types/events
  - api/types/filters
  - api/types/image
  - api/types/mount
  - api/types/network
  - api/types/registry
  - api/types/strslice
  - api/types/swarm
  - api/types/swarm/runtime
  - api/types/time
  - api/types/versions
  - api/types/volume
  - client
- name: github.com/docker/go-connections
  version: 7beb39f0b969b075d1325fecb092faf27fd357b6
  subpackages:
  - nat
  - sockets
  - tlsconfig
- name: github.com/docker/go-units
  version: 47565b4f722fb6ceae66b95f853feed578a4a51c
- name: github.com/eapache/go-resiliency
  version: ef9aaa7ea8bd2448429af1a77cf41b2b3b34bdd6
  subpackages:
  - breaker
- name: github.com/eapache/go-xerial-snappy
  version: bb955e01b9346ac19dc29eb16586c90ded99a98c
- name: github.com/eapache/queue
  version: 44cc805cf13205b55f69e14bcb69867d1ae92f98
- name: github.com/elastic/beats
  version: baa740ddb5c47fbb61e7bc852eca46d4aa74da56
  subpackages:
  - libbeat/api
  - libbeat/autodiscover
  - libbeat/autodiscover/meta
  - libbeat/autodiscover/providers/docker
  - libbeat/autodiscover/providers/kubernetes
  - libbeat/autodiscover/template
  - libbeat/beat
  - libbeat/cfgfile
  - libbeat/cloudid
  - libbeat/cmd
  - libbeat/cmd/export
  - libbeat/cmd/instance
  - libbeat/cmd/test
  - libbeat/common
  - libbeat/common/atomic
  - libbeat/common/bus
  - libbeat/common/cfgwarn
  - libbeat/common/cli
  - libbeat/common/docker
  - libbeat/common/dtfmt
  - libbeat/common/file
  - libbeat/common/fmtstr
  - libbeat/common/jsontransform
  - libbeat/common/kubernetes
  - libbeat/common/match
  - libbeat/common/schema
  - libbeat/common/schema/mapstriface
  - libbeat/common/streambuf
  - libbeat/common/terminal
  - libbeat/dashboards
  - libbeat/keystore
  - libbeat/logp
  - libbeat/logp/configure
  - libbeat/metric/system/cpu
  - libbeat/metric/system/memory
  - libbeat/metric/system/process
  - libbeat/monitoring
  - libbeat/monitoring/adapter
  - libbeat/monitoring/report
  - libbeat/monitoring/report/elasticsearch
  - libbeat/monitoring/report/log
  - libbeat/outputs
  - libbeat/outputs/codec
  - libbeat/outputs/codec/format
  - libbeat/outputs/codec/json
  - libbeat/outputs/console
  - libbeat/outputs/elasticsearch
  - libbeat/outputs/fileout
  - libbeat/outputs/kafka
  - libbeat/outputs/logstash
  - libbeat/outputs/outil
  - libbeat/outputs/redis
  - libbeat/outputs/transport
  - libbeat/paths
  - libbeat/plugin
  - libbeat/processors
  - libbeat/processors/actions
  - libbeat/processors/add_cloud_metadata
  - libbeat/processors/add_docker_metadata
  - libbeat/processors/add_kubernetes_metadata
  - libbeat/processors/add_locale
  - libbeat/publisher
  - libbeat/publisher/includes
  - libbeat/publisher/pipeline
  - libbeat/publisher/queue
  - libbeat/publisher/queue/memqueue
  - libbeat/service
  - libbeat/setup/kibana
  - libbeat/template
  - libbeat/testing
  - libbeat/version
- name: github.com/elastic/go-lumber
  version: 616041e345fc33c97bc0eb0fa6b388aa07bca3e1
  subpackages:
  - client/v2
  - protocol/v2
- name: github.com/elastic/go-ucfg
  version: 0ba28e36add27704e6b49a7ed8557989a8f4a635
  subpackages:
  - cfgutil
  - flag
  - internal/parse
  - json
  - yaml
- name: github.com/elastic/gosigar
  version: a3814ce5008e612a0c6d027608b54e1d0d9a5613
  subpackages:
  - cgroup
  - sys/linux
  - sys/windows
- name: github.com/ericchiang/k8s
  version: 5912993f00cb7c971aaa54529a06bd3eecd6c3d4
  subpackages:
  - apis/apiextensions/v1beta1
  - apis/core/v1
  - apis/meta/v1
  - apis/resource
  - runtime
  - runtime/schema
  - util/intstr
  - watch/versioned
- name: github.com/fatih/color
  version: 507f6050b8568533fb3f5504de8e5205fa62a114
- name: github.com/garyburd/redigo
  version: d1ed5c67e5794de818ea85e6b522fda02623a484
  subpackages:
  - internal
  - redis
- name: github.com/ghodss/yaml
  version: 0ca9ea5df5451ffdf184b4428c902747c2c11cd7
- name: github.com/go-ole/go-ole
  version: a1ec82a652ebc7e784d7df887cfb31061aeabbcc
  subpackages:
  - oleutil
- name: github.com/gogo/protobuf
  version: b75782e777cfa7ca469bc46cc313ddd26e6e9d1c
  subpackages:
  - proto
- name: github.com/golang/protobuf
  version: bbd03ef6da3a115852eaf24c8a1c46aeb39aa175
  subpackages:
  - proto
  - protoc-gen-go/descriptor
  - ptypes
  - ptypes/any
  - ptypes/duration
  - ptypes/timestamp
- name: github.com/golang/snappy
  version: 553a641470496b2327abcac10b36396bd98e45c9
- name: github.com/inconshreveable/mousetrap
  version: 76626ae9c91c4f2a10f34cad8ce83ea42c93bb75
- name: github.com/joeshaw/multierror
  version: 69b34d4ec901851247ae7e77d33909caf9df99ed
- name: github.com/klauspost/compress
  version: 8a8c9b92f99fe49f9c13688b0ee2824bb586c972
  subpackages:
  - flate
  - zlib
- name: github.com/klauspost/cpuid
  version: ae832f27941af41db13bd6d8efd2493e3b22415a
- name: github.com/mattn/go-colorable
  version: 7dc3415be66d7cc68bf0182f35c8d31f8d2ad8a7
- name: github.com/mattn/go-isatty
  version: 6ca4dbf54d38eea1a992b3c722a76a5d1c4cb25c
- name: github.com/Microsoft/go-winio
  version: 7da180ee92d8bd8bb8c37fc560e673e6557c392f
- name: github.com/mitchellh/hashstructure
  version: 2bca23e0e452137f789efbc8610126fd8b94f73b
- name: github.com/openconfig/gnmi
  version: a0e319ea17b69501b2b287db91149ed93e5e3ebc
  subpackages:
  - proto/gnmi
  - proto/gnmi_ext
- name: github.com/openconfig/reference
  version: 3fd4765f55009423c49d5854dd12c5c686ca10d3
  subpackages:
  - rpc/openconfig
- name: github.com/opencontainers/go-digest
  version: 279bed98673dd5bef374d3b6e4b09e2af76183bf
- name: github.com/opencontainers/image-spec
  version: 149252121d044fddff670adcdc67f33148e16226
  subpackages:
  - specs-go
  - specs-go/v1
- name: github.com/pierrec/lz4
  version: ed8d4cc3b461464e69798080a0092bd028910298
- name: github.com/pierrec/xxHash
  version: a0006b13c722f7f12368c00a3d3c2ae8a999a0c6
  subpackages:
  - xxHash32
- name: github.com/pierrre/gotestcover
  version: 924dca7d15f052db629b3fd04b0844e26eff49a6
- name: github.com/pkg/errors
  version: 30136e27e2ac8d167177e8a583aa4c3fea5be833
- name: github.com/rcrowley/go-metrics
  version: 8732c616f52954686704c8645fe1a9d59e9df7c1
- name: github.com/satori/go.uuid
  version: 36e9d2ebbde5e3f13ab2e25625fd453271d6522e
- name: github.com/Shopify/sarama
  version: 3d1fae12e48b5ef9b6a06a32c2451268345a0d00
- name: github.com/spf13/cobra
  version: 1a618fb24b01a0f393ccd82d55c4d8058bdeaf5c
- name: github.com/spf13/pflag
  version: ee5fd03fd6acfd43e44aea0b4135958546ed8e73
- name: github.com/StackExchange/wmi
  version: 5d049714c4a64225c3c79a7cf7d02f7fb5b96338
- name: github.com/stretchr/testify
  version: be8372ae8ec5c6daaed3cc28ebf73c54b737c240
- name: github.com/urso/go-structform
  version: 035638634d48c28a09bb7aa00ef78f4ffb83fa34
  subpackages:
  - gotype
  - internal/unsafe
  - json
  - visitors
- name: go.uber.org/atomic
  version: 8474b86a5a6f79c443ce4b2992817ff32cf208b8
- name: go.uber.org/multierr
  version: 3c4937480c32f4c13a875a1829af76c98ca3d40a
- name: go.uber.org/zap
  version: f85c78b1dd998214c5f2138155b320a4a43fbe36
  subpackages:
  - buffer
  - internal/bufferpool
  - internal/color
  - internal/exit
  - zapcore
  - zaptest/observer
- name: golang.org/x/crypto
  version: 432090b8f568c018896cd8a0fb0345872bbac6ce
  subpackages:
  - pbkdf2
  - ssh/terminal
- name: golang.org/x/net
  version: cbe0f9307d0156177f9dd5dc85da1a31abc5f2fb
  subpackages:
  - context
  - context/ctxhttp
  - http2
  - http2/hpack
  - idna
  - internal/timeseries
  - lex/httplex
  - proxy
  - trace
- name: golang.org/x/sys
  version: 37707fdb30a5b38865cfb95e5aab41707daec7fd
  subpackages:
  - unix
  - windows
  - windows/registry
  - windows/svc
  - windows/svc/debug
  - windows/svc/eventlog
- name: golang.org/x/text
  version: 9e2b64d659da1afe07ce1c9c1dfefc09d188f21e
  subpackages:
  - secure/bidirule
  - transform
  - unicode/bidi
  - unicode/norm
- name: google.golang.org/genproto
  version: 2b5a72b8730b0b16380010cfe5286c42108d88e7
  subpackages:
  - googleapis/rpc/status
- name: google.golang.org/grpc
  version: dfa18343df54bda471a4b53677aa7c0d0df882d1
  subpackages:
  - balancer
  - balancer/base
  - balancer/roundrobin
  - codes
  - connectivity
  - credentials
  - encoding
  - encoding/proto
  - grpclb/grpc_lb_v1/messages
  - grpclog
  - internal
  - keepalive
  - metadata
  - naming
  - peer
  - resolver
  - resolver/dns
  - resolver/passthrough
  - stats
  - status
  - tap
  - transport
- name: gopkg.in/yaml.v2
  version: d670f9405373e636a5a2765eea47fac0c9bc91a4
testImports: []
