hash: d5bd736f10ae911c70feea9120de20f09c5b2412bb3e2fcf256740141a03829f
updated: 2016-09-20T14:17:17.740180373+02:00
imports:
- name: github.com/aristanetworks/goarista
  version: 2057638fcfeef2983e363edd0d428df75118bb06
  subpackages:
  - elasticsearch
  - openconfig
- name: github.com/davecgh/go-spew
  version: 6d212800a42e8ab5c146b8ace3490ee17e5225f9
  subpackages:
  - spew
- name: github.com/dustin/go-humanize
  version: 2fcb5204cdc65b4bec9fd0a87606bb0d0e3c54e8
- name: github.com/eapache/go-resiliency
  version: b86b1ec0dd4209a588dc1285cdd471e73525c0b3
  subpackages:
  - breaker
- name: github.com/eapache/go-xerial-snappy
  version: bb955e01b9346ac19dc29eb16586c90ded99a98c
- name: github.com/eapache/queue
  version: 44cc805cf13205b55f69e14bcb69867d1ae92f98
- name: github.com/elastic/beats
  version: 40146f0616ff4bce05acbc0435c9828aa435bfd3
  subpackages:
  - libbeat/beat
  - libbeat/cfgfile
  - libbeat/common
  - libbeat/common/op
  - libbeat/common/streambuf
  - libbeat/filter
  - libbeat/logp
  - libbeat/outputs
  - libbeat/outputs/console
  - libbeat/outputs/elasticsearch
  - libbeat/outputs/fileout
  - libbeat/outputs/kafka
  - libbeat/outputs/logstash
  - libbeat/outputs/mode
  - libbeat/outputs/mode/lb
  - libbeat/outputs/mode/modeutil
  - libbeat/outputs/mode/single
  - libbeat/outputs/redis
  - libbeat/outputs/transport
  - libbeat/paths
  - libbeat/publisher
  - libbeat/service
- name: github.com/elastic/go-ucfg
  version: f68e111e1035a51815b85556e4682c1cb4009b58
- name: github.com/garyburd/redigo
  version: ffa8d46ada782d81cfda81a0fbd9f45ceae448e8
  subpackages:
  - internal
  - redis
- name: github.com/golang/protobuf
  version: 1f49d83d9aa00e6ce4fc8258c71cc7786aec968a
  subpackages:
  - proto
  - ptypes/any
- name: github.com/golang/snappy
  version: d9eb7a3d35ec988b8585d4a0068e462c27d28380
- name: github.com/klauspost/crc32
  version: 19b0b332c9e4516a6370a0456e6182c3b5036720
- name: github.com/nranchev/go-libGeoIP
  version: c78e8bd2dd3599feb21fd30886043979e82fe948
- name: github.com/openconfig/reference
  version: c3acedd9d976c8f70e1995cbf75c7b0eb08ae7ea
  subpackages:
  - rpc/openconfig
- name: github.com/rcrowley/go-metrics
  version: b71dba47c7bf0374dfe3b67da7b5b702fa160a15
- name: github.com/satori/go.uuid
  version: 0aa62d5ddceb50dbcb909d790b5345affd3669b6
- name: github.com/Shopify/sarama
  version: 482c471fbf73dc2ac66945187f811581f008c24a
- name: github.com/urso/ucfg
  version: f68e111e1035a51815b85556e4682c1cb4009b58
  subpackages:
  - yaml
- name: golang.org/x/net
  version: 71a035914f99bb58fe82eac0f1289f10963d876c
  subpackages:
  - context
  - http2
  - http2/hpack
  - internal/timeseries
  - lex/httplex
  - trace
- name: golang.org/x/net/idna
  version: 71a035914f99bb58fe82eac0f1289f10963d876c
- name: golang.org/x/net/proxy
  version: 71a035914f99bb58fe82eac0f1289f10963d876c
- name: golang.org/x/sys
  version: 8f0908ab3b2457e2e15403d3697c9ef5cb4b57a9
  subpackages:
  - windows
  - windows/svc
  - windows/svc/debug
- name: google.golang.org/grpc
  version: 71d2ea4f75286a63b606aca2422cd17ff37fd5b8
  subpackages:
  - codes
  - credentials
  - grpclog
  - internal
  - metadata
  - naming
  - peer
  - transport
- name: gopkg.in/yaml.v2
  version: 31c299268d302dd0aa9a0dcf765a3d58971ac83f
testImports: []
