# This file is autogenerated, do not edit; changes may be undone by the next 'dep ensure'.


[[projects]]
  digest = "1:360c7be30f85be4294e3e38958b5f48ff76c9d2e50cc0d987f84a56963592ad3"
  name = "github.com/DataDog/zstd"
  packages = ["."]
  pruneopts = "NUT"
  revision = "809b919c325d7887bff7bd876162af73db53e878"
  version = "v1.4.0"

[[projects]]
  digest = "1:2be791e7b333ff7c06f8fb3dc18a7d70580e9399dbdffd352621d067ff260b6e"
  name = "github.com/Microsoft/go-winio"
  packages = ["."]
  pruneopts = "NUT"
  revision = "1a8911d1ed007260465c3bfbbc785ac6915a0bb8"
  version = "v0.4.12"

[[projects]]
  digest = "1:45e86bcbe146ad699636f02e00ff89e239ad678ce4dab8ee58cce8249815d795"
  name = "github.com/Shopify/sarama"
  packages = ["."]
  pruneopts = "NUT"
  revision = "ea9ab1c316850bee881a07bb2555ee8a685cd4b6"
  version = "v1.22.1"

[[projects]]
  digest = "1:f4aaa07a6c33f2b354726d0571acbc8ca118837c75709f6353203ae1a3f8eeab"
  name = "github.com/Sirupsen/logrus"
  packages = ["."]
  pruneopts = "NUT"
  revision = "839c75faf7f98a33d445d181f3018b5c3409a45e"
  version = "v1.4.2"

[[projects]]
  branch = "master"
  digest = "1:6f281366a52e5a8cb2fd1860f472110061e4cc9935185d84daa7af7b9a4237b2"
  name = "github.com/aristanetworks/goarista"
  packages = [
    "gnmi",
    "netns",
  ]
  pruneopts = "NUT"
  revision = "8f808a5001564ff12d600305e293fc3f6c725aa2"

[[projects]]
  digest = "1:ffe9824d294da03b391f44e1ae8281281b4afc1bdaa9588c9097785e3af10cec"
  name = "github.com/davecgh/go-spew"
  packages = ["spew"]
  pruneopts = "NUT"
  revision = "8991bc29aa16c548c550c7ff78260e27b9ab7c73"
  version = "v1.1.1"

[[projects]]
  digest = "1:4ddc17aeaa82cb18c5f0a25d7c253a10682f518f4b2558a82869506eec223d76"
  name = "github.com/docker/distribution"
  packages = [
    "digestset",
    "reference",
  ]
  pruneopts = "NUT"
  revision = "2461543d988979529609e8cb6fca9ca190dc48da"
  version = "v2.7.1"

[[projects]]
  digest = "1:44f2ccfc59a1599fc14031a7d7ab2a1ed967e1f567a5abcf41bebe05ef4ccaba"
  name = "github.com/docker/docker"
  packages = [
    "api",
    "api/types",
    "api/types/blkiodev",
    "api/types/container",
    "api/types/events",
    "api/types/filters",
    "api/types/mount",
    "api/types/network",
    "api/types/reference",
    "api/types/registry",
    "api/types/strslice",
    "api/types/swarm",
    "api/types/time",
    "api/types/versions",
    "api/types/volume",
    "client",
    "pkg/ioutils",
    "pkg/longpath",
    "pkg/system",
    "pkg/tlsconfig",
  ]
  pruneopts = "NUT"
  revision = "092cba3727bb9b4a2f0e922cd6c0f93ea270e363"
  version = "v1.13.1"

[[projects]]
  digest = "1:2a47f7eb1a2c30428d1ee6808cb66d4deb17e68a3e55d696f03c8068552ba5e8"
  name = "github.com/docker/go-connections"
  packages = [
    "nat",
    "sockets",
    "tlsconfig",
  ]
  pruneopts = "NUT"
  revision = "7395e3f8aa162843a74ed6d48e79627d9792ac55"
  version = "v0.4.0"

[[projects]]
  digest = "1:97176fe8a268479a527d08df458c269dc27abf59c1643807d4e36398cbd9ef2d"
  name = "github.com/docker/go-units"
  packages = ["."]
  pruneopts = "NUT"
  revision = "519db1ee28dcc9fd2474ae59fca29a810482bfb1"
  version = "v0.4.0"

[[projects]]
  branch = "master"
  digest = "1:ce43438a8204a4259b4461153a392bc3e504bef7e4785a8192344f002c7bd935"
  name = "github.com/docker/libtrust"
  packages = ["."]
  pruneopts = "NUT"
  revision = "aabc10ec26b754e797f9028f4589c5b7bd90dc20"

[[projects]]
  digest = "1:b7ffca49e9cfd3dfb04a8e0a59347708c6f78f68476a32c5e0a0edca5d1b258c"
  name = "github.com/dustin/go-humanize"
  packages = ["."]
  pruneopts = "NUT"
  revision = "9f541cc9db5d55bce703bd99987c9d5cb8eea45e"
  version = "v1.0.0"

[[projects]]
  digest = "1:08143362be979b087c2c1bae5dde986e988d3d5d4dc661727cbe436411b3f33a"
  name = "github.com/eapache/go-resiliency"
  packages = ["breaker"]
  pruneopts = "NUT"
  revision = "ea41b0fad31007accc7f806884dcdf3da98b79ce"
  version = "v1.1.0"

[[projects]]
  branch = "master"
  digest = "1:d3430c048e919ed27813d20dc65a32d4e3bae3ad05b83700e244a81eaaf48e2a"
  name = "github.com/eapache/go-xerial-snappy"
  packages = ["."]
  pruneopts = "NUT"
  revision = "776d5712da21bc4762676d614db1d8a64f4238b0"

[[projects]]
  digest = "1:0d36a2b325b9e75f8057f7f9fbe778d348d70ba652cb9335485b69d1a5c4e038"
  name = "github.com/eapache/queue"
  packages = ["."]
  pruneopts = "NUT"
  revision = "44cc805cf13205b55f69e14bcb69867d1ae92f98"
  version = "v1.1.0"

[[projects]]
  branch = "master"
  digest = "1:0b31db3457a0e4c21d29fe30d80dfa5866d06a50205538618d475d10d2db9169"
  name = "github.com/elastic/beats"
  packages = [
    "dev-tools/mage",
    "libbeat/api",
    "libbeat/asset",
    "libbeat/autodiscover",
    "libbeat/autodiscover/appenders/config",
    "libbeat/autodiscover/builder",
    "libbeat/autodiscover/meta",
    "libbeat/autodiscover/providers/docker",
    "libbeat/autodiscover/providers/jolokia",
    "libbeat/autodiscover/providers/kubernetes",
    "libbeat/autodiscover/template",
    "libbeat/beat",
    "libbeat/cfgfile",
    "libbeat/cloudid",
    "libbeat/cmd",
    "libbeat/cmd/export",
    "libbeat/cmd/instance",
    "libbeat/cmd/test",
    "libbeat/common",
    "libbeat/common/atomic",
    "libbeat/common/backoff",
    "libbeat/common/bus",
    "libbeat/common/cfgtype",
    "libbeat/common/cfgwarn",
    "libbeat/common/cli",
    "libbeat/common/docker",
    "libbeat/common/dtfmt",
    "libbeat/common/file",
    "libbeat/common/flowhash",
    "libbeat/common/fmtstr",
    "libbeat/common/jsontransform",
    "libbeat/common/kafka",
    "libbeat/common/kubernetes",
    "libbeat/common/match",
    "libbeat/common/reload",
    "libbeat/common/safemapstr",
    "libbeat/common/schema",
    "libbeat/common/schema/mapstriface",
    "libbeat/common/seccomp",
    "libbeat/common/streambuf",
    "libbeat/common/terminal",
    "libbeat/common/transport/tlscommon",
    "libbeat/conditions",
    "libbeat/dashboards",
    "libbeat/feature",
    "libbeat/idxmgmt",
    "libbeat/idxmgmt/ilm",
    "libbeat/keystore",
    "libbeat/kibana",
    "libbeat/logp",
    "libbeat/logp/configure",
    "libbeat/management",
    "libbeat/mapping",
    "libbeat/metric/system/cpu",
    "libbeat/metric/system/host",
    "libbeat/metric/system/memory",
    "libbeat/metric/system/process",
    "libbeat/monitoring",
    "libbeat/monitoring/adapter",
    "libbeat/monitoring/report",
    "libbeat/monitoring/report/elasticsearch",
    "libbeat/monitoring/report/log",
    "libbeat/outputs",
    "libbeat/outputs/codec",
    "libbeat/outputs/codec/format",
    "libbeat/outputs/codec/json",
    "libbeat/outputs/console",
    "libbeat/outputs/elasticsearch",
    "libbeat/outputs/fileout",
    "libbeat/outputs/kafka",
    "libbeat/outputs/logstash",
    "libbeat/outputs/outil",
    "libbeat/outputs/redis",
    "libbeat/outputs/transport",
    "libbeat/paths",
    "libbeat/plugin",
    "libbeat/processors",
    "libbeat/processors/actions",
    "libbeat/processors/add_cloud_metadata",
    "libbeat/processors/add_docker_metadata",
    "libbeat/processors/add_host_metadata",
    "libbeat/processors/add_kubernetes_metadata",
    "libbeat/processors/add_locale",
    "libbeat/processors/add_observer_metadata",
    "libbeat/processors/add_process_metadata",
    "libbeat/processors/checks",
    "libbeat/processors/communityid",
    "libbeat/processors/convert",
    "libbeat/processors/dissect",
    "libbeat/processors/dns",
    "libbeat/processors/extract_array",
    "libbeat/processors/timeseries",
    "libbeat/processors/util",
    "libbeat/publisher",
    "libbeat/publisher/includes",
    "libbeat/publisher/pipeline",
    "libbeat/publisher/processing",
    "libbeat/publisher/queue",
    "libbeat/publisher/queue/memqueue",
    "libbeat/publisher/queue/spool",
    "libbeat/service",
    "libbeat/template",
    "libbeat/testing",
    "libbeat/version",
  ]
  pruneopts = "T"
  revision = "313e6d16bec56d0acf799ab06cd2072dabde65bc"

[[projects]]
  branch = "master"
  digest = "1:250aa3b02525613c286bf3462c7b7f1cf7e70069d7a966020eb9a3e53bb16429"
  name = "github.com/elastic/ecs"
  packages = ["code/go/ecs"]
  pruneopts = "NUT"
  revision = "580752c2813a6e36f633be6c4213464f5350dc90"

[[projects]]
  digest = "1:e6e886365713d9885f3ae6120d4265fe863a1d06203fb8cd92e17fbc9d56fdfd"
  name = "github.com/elastic/go-lumber"
  packages = [
    "client/v2",
    "protocol/v2",
  ]
  pruneopts = "NUT"
  revision = "616041e345fc33c97bc0eb0fa6b388aa07bca3e1"
  version = "v0.1.0"

[[projects]]
  digest = "1:c0df790abe501faecb9843047e75fd4e689c22aef838ea30526a490fef166579"
  name = "github.com/elastic/go-seccomp-bpf"
  packages = [
    ".",
    "arch",
  ]
  pruneopts = "NUT"
  revision = "4e6640ac0ec1b7cd22a7ec12f4ca610efbe3c4d9"
  version = "v1.1.0"

[[projects]]
  digest = "1:ece9d17c0052e0f08a8d9a7d439e90245b26aecb40263172583cae826f5de700"
  name = "github.com/elastic/go-structform"
  packages = [
    ".",
    "cborl",
    "gotype",
    "internal/unsafe",
    "json",
    "ubjson",
    "visitors",
  ]
  pruneopts = "NUT"
  revision = "1425975cf4eb470099fcf02cbe9389cf3a7028a3"
  version = "v0.0.5"

[[projects]]
  digest = "1:79b58595e4aef4cbcc49245c270e3b2853e1b69b35596a75f00c1b9f4c6f5fad"
  name = "github.com/elastic/go-sysinfo"
  packages = [
    ".",
    "internal/registry",
    "providers/darwin",
    "providers/linux",
    "providers/shared",
    "providers/windows",
    "types",
  ]
  pruneopts = "NUT"
  revision = "8e0e854621d7e11462d5379fe90d004214482e73"
  version = "v1.0.1"

[[projects]]
  digest = "1:ad6214f25a6be449dbd0eefcefb4c3ce3adbe3696ffd040a567ac24a2415b55c"
  name = "github.com/elastic/go-txfile"
  packages = [
    ".",
    "dev-tools/lib/mage/gotool",
    "dev-tools/lib/mage/mgenv",
    "dev-tools/lib/mage/xbuild",
    "internal/cleanup",
    "internal/invariant",
    "internal/iter",
    "internal/strbld",
    "internal/tracelog",
    "internal/vfs",
    "internal/vfs/osfs",
    "pq",
    "txerr",
  ]
  pruneopts = "NUT"
  revision = "fa3d87c14381c01aaa1c7901877fb5e483294964"
  version = "v0.0.6"

[[projects]]
  digest = "1:57d3d577a4410cfc7772de39ff899e59db88927192184e77ba254e676f37038f"
  name = "github.com/elastic/go-ucfg"
  packages = [
    ".",
    "cfgutil",
    "flag",
    "internal/parse",
    "json",
    "yaml",
  ]
  pruneopts = "NUT"
  revision = "0539807037ce820e147797f051ff32b05f4f9288"
  version = "v0.7.0"

[[projects]]
  digest = "1:dc7c0f19330c93d075cba4bfb6ad0f9b721dd6ff9016324ebfe2a429da3b37f8"
  name = "github.com/elastic/go-windows"
  packages = ["."]
  pruneopts = "NUT"
  revision = "4fe172db2494b71a5b0d1de5a0248e543d7249f4"
  version = "v1.0.0"

[[projects]]
  digest = "1:c7ba130f0fe46547d712e19f96b083005bc9a58707a22e0d65a2ed18fa4de4c2"
  name = "github.com/elastic/gosigar"
  packages = [
    ".",
    "cgroup",
    "sys",
    "sys/linux",
    "sys/windows",
  ]
  pruneopts = "NUT"
  revision = "1227b9d6877d126ad640087e44439d70dba2df4f"
  version = "v0.10.2"

[[projects]]
  digest = "1:3062e0a7b7fc5b317c7247dda9e6abac0c98376c50e0b29c2a5e079c812e7312"
  name = "github.com/ericchiang/k8s"
  packages = [
    ".",
    "apis/apiextensions/v1beta1",
    "apis/apps/v1beta1",
    "apis/core/v1",
    "apis/extensions/v1beta1",
    "apis/meta/v1",
    "apis/policy/v1beta1",
    "apis/resource",
    "runtime",
    "runtime/schema",
    "util/intstr",
    "watch/versioned",
  ]
  pruneopts = "NUT"
  revision = "d1bbc0cffaf9849ddcae7b9efffae33e2dd52e9a"
  version = "v1.2.0"

[[projects]]
  digest = "1:b0d5e98ac0f0a509eb320f542e748582d637aae09e74538212e9712d1e71064b"
  name = "github.com/fatih/color"
  packages = ["."]
  pruneopts = "NUT"
  revision = "570b54cabe6b8eb0bc2dfce68d964677d63b5260"
  version = "v1.5.0"

[[projects]]
  digest = "1:0594af97b2f4cec6554086eeace6597e20a4b69466eb4ada25adf9f4300dddd2"
  name = "github.com/garyburd/redigo"
  packages = [
    "internal",
    "redis",
  ]
  pruneopts = "NUT"
  revision = "a69d19351219b6dd56f274f96d85a7014a2ec34e"
  version = "v1.6.0"

[[projects]]
  digest = "1:81466b4218bf6adddac2572a30ac733a9255919bc2f470b4827a317bd4ee1756"
  name = "github.com/ghodss/yaml"
  packages = ["."]
  pruneopts = "NUT"
  revision = "0ca9ea5df5451ffdf184b4428c902747c2c11cd7"
  version = "v1.0.0"

[[projects]]
  digest = "1:bde9f189072512ba353f3641d4839cb4c9c7edf421e467f2c03f267b402bd16c"
  name = "github.com/gofrs/uuid"
  packages = ["."]
  pruneopts = "NUT"
  revision = "6b08a5c5172ba18946672b49749cde22873dd7c2"
  version = "v3.2.0"

[[projects]]
  digest = "1:a98a0b00720dc3149bf3d0c8d5726188899e5bab2f5072b9a7ef82958fbc98b2"
  name = "github.com/golang/protobuf"
  packages = [
    "proto",
    "protoc-gen-go/descriptor",
    "ptypes",
    "ptypes/any",
    "ptypes/duration",
    "ptypes/timestamp",
  ]
  pruneopts = "NUT"
  revision = "b5d812f8a3706043e23a9cd5babf2e5423744d30"
  version = "v1.3.1"

[[projects]]
  digest = "1:7f114b78210bf5b75f307fc97cff293633c835bab1e0ea8a744a44b39c042dfe"
  name = "github.com/golang/snappy"
  packages = ["."]
  pruneopts = "NUT"
  revision = "2a8bb927dd31d8daada140a5d09578521ce5c36a"
  version = "v0.0.1"

[[projects]]
  digest = "1:406338ad39ab2e37b7f4452906442a3dbf0eb3379dd1f06aafb5c07e769a5fbb"
  name = "github.com/inconshreveable/mousetrap"
  packages = ["."]
  pruneopts = "NUT"
  revision = "76626ae9c91c4f2a10f34cad8ce83ea42c93bb75"
  version = "v1.0"

[[projects]]
  branch = "master"
  digest = "1:9caa32bc8803676093bafb580309022398533fc65d6d421c5d589f5499bec218"
  name = "github.com/joeshaw/multierror"
  packages = ["."]
  pruneopts = "NUT"
  revision = "69b34d4ec901851247ae7e77d33909caf9df99ed"

[[projects]]
  branch = "master"
  digest = "1:1b44621768074263c81d3b0bd7c25d7fd449f9ed347e7cc747485597933d1686"
  name = "github.com/jstemmer/go-junit-report"
  packages = [
    "formatter",
    "parser",
  ]
  pruneopts = "NUT"
  revision = "af01ea7f8024089b458d804d5cdf190f962a9a0c"

[[projects]]
  digest = "1:26c3d66616e9d7c21fca41358591af1e35a91378c2c888958a3720c0dc1c1afb"
  name = "github.com/klauspost/compress"
  packages = [
    "flate",
    "zlib",
  ]
  pruneopts = "NUT"
  revision = "b4b6d9e7f099f14b3a4a08f0664986cd4c85ebd6"
  version = "v1.5.0"

[[projects]]
  digest = "1:7dc14952637aea1ef99bc1d9ad1374ddf0fa10d7b608cf5cb72d3f4fa7e4b579"
  name = "github.com/klauspost/cpuid"
  packages = ["."]
  pruneopts = "NUT"
  revision = "05a8198c0f5a27739aec358908d7e12c64ce6eb7"
  version = "v1.2.1"

[[projects]]
  digest = "1:58999a98719fddbac6303cb17e8d85b945f60b72f48e3a2df6b950b97fa926f1"
  name = "github.com/konsorten/go-windows-terminal-sequences"
  packages = ["."]
  pruneopts = "NUT"
  revision = "f55edac94c9bbba5d6182a4be46d86a2c9b5b50e"
  version = "v1.0.2"

[[projects]]
  digest = "1:e8d80e69b6b45a7f785620624a6cb08c25aae3385e8ffe374c8290e9b4b50f12"
  name = "github.com/magefile/mage"
  packages = [
    "mg",
    "sh",
    "target",
  ]
  pruneopts = "NUT"
  revision = "aedfce64c122eef47009b7f80c9771044753215d"
  version = "v1.8.0"

[[projects]]
  digest = "1:9785a54031460a402fab4e4bbb3124c8dd9e9f7b1982109fef605cb91632d480"
  name = "github.com/mattn/go-colorable"
  packages = ["."]
  pruneopts = "NUT"
  revision = "3a70a971f94a22f2fa562ffcc7a0eb45f5daf045"
  version = "v0.1.1"

[[projects]]
  digest = "1:85edcc76fa95b8b312642905b56284f4fe5c42d8becb219481adba7e97d4f5c5"
  name = "github.com/mattn/go-isatty"
  packages = ["."]
  pruneopts = "NUT"
  revision = "c2a7a6ca930a4cd0bc33a3f298eb71960732a3a7"
  version = "v0.0.7"

[[projects]]
  digest = "1:6fbf9e9c02d15e4f7d9b06fe15b01acd5264912c7f35d25b71da3e5db8ca8ffe"
  name = "github.com/miekg/dns"
  packages = ["."]
  pruneopts = "NUT"
  revision = "d49318b5a0e9de24ab05f8e507272f0f166dbf7a"
  version = "v1.1.10"

[[projects]]
  digest = "1:e34decedbcec12332c5836d16a6838f864e0b43c5b4f9aa9d9a85101015f87c2"
  name = "github.com/mitchellh/hashstructure"
  packages = ["."]
  pruneopts = "NUT"
  revision = "a38c50148365edc8df43c1580c48fb2b3a1e9cd7"
  version = "v1.0.0"

[[projects]]
  branch = "master"
  digest = "1:7cfa00fc72affceb71d2a0356c88ec3cc8e1bd63678a57defecdf1990ff10de1"
  name = "github.com/openconfig/gnmi"
  packages = [
    "proto/gnmi",
    "proto/gnmi_ext",
  ]
  pruneopts = "NUT"
  revision = "33a1865c302903e7a2e06f35960e6bc31e84b9f6"

[[projects]]
  digest = "1:e0cc8395ea893c898ff5eb0850f4d9851c1f57c78c232304a026379a47a552d0"
  name = "github.com/opencontainers/go-digest"
  packages = ["."]
  pruneopts = "NUT"
  revision = "279bed98673dd5bef374d3b6e4b09e2af76183bf"
  version = "v1.0.0-rc1"

[[projects]]
  digest = "1:1bf95fa61209ea03139b5708ea26a364209f99a4fb70990a2697070588c156ab"
  name = "github.com/pierrec/lz4"
  packages = [
    ".",
    "internal/xxh32",
  ]
  pruneopts = "NUT"
  revision = "d705d4371bfccdf47f10e45584e896026c83616f"
  version = "v2.2.3"

[[projects]]
  digest = "1:14715f705ff5dfe0ffd6571d7d201dd8e921030f8070321a79380d8ca4ec1a24"
  name = "github.com/pkg/errors"
  packages = ["."]
  pruneopts = "NUT"
  revision = "ba968bfe8b2f7e042a574c888954fccecfa385b4"
  version = "v0.8.1"

[[projects]]
  branch = "master"
  digest = "1:f2331f94f035a19ab9e8b2a2848cf1209cfe6c8f32221495d7dff7df792605b6"
  name = "github.com/prometheus/procfs"
  packages = [
    ".",
    "internal/fs",
  ]
  pruneopts = "NUT"
  revision = "9935e8e0588d26307d1d4a07bed7bd47271b6bbd"

[[projects]]
  branch = "master"
  digest = "1:120b256a4d3cd2946ffa4b87102731c2f004aed6d836dc2fba400ed9398696e7"
  name = "github.com/rcrowley/go-metrics"
  packages = ["."]
  pruneopts = "NUT"
  revision = "3113b8401b8a98917cde58f8bbd42a1b1c03b1fd"

[[projects]]
  digest = "1:dfd5e4b70ef5c1b9a30f342bf0ce02a03fe8f8d412205af824db361e99548610"
  name = "github.com/spf13/cobra"
  packages = ["."]
  pruneopts = "NUT"
  revision = "67fc4837d267bc9bfd6e47f77783fcc3dffc68de"
  version = "v0.0.4"

[[projects]]
  digest = "1:9d8420bbf131d1618bde6530af37c3799340d3762cc47210c1d9532a4c3a2779"
  name = "github.com/spf13/pflag"
  packages = ["."]
  pruneopts = "NUT"
  revision = "298182f68c66c05229eb03ac171abe6e309ee79a"
  version = "v1.0.3"

[[projects]]
  digest = "1:2dcc32af5bf38c37286c96f0077efa98007f67946b690fce98a3e07b9659bdf1"
  name = "github.com/theckman/go-flock"
  packages = ["."]
  pruneopts = "NUT"
  revision = "392e7fae8f1b0bdbd67dad7237d23f618feb6dbb"
  version = "v0.7.1"

[[projects]]
  branch = "master"
  digest = "1:d0475fec09818218f239af391859e40fbe7d558a3c6f2873a4ade1b4cb62d04b"
  name = "github.com/urso/go-bin"
  packages = ["."]
  pruneopts = "NUT"
  revision = "781c575c9f0eb3cb9dca94521bd7ad7d5aec7fd4"

[[projects]]
  digest = "1:cc9d86ec4e6e3bdf87e3a421273bfeed003cf8e21351c0302fe8b0eb7b10efe6"
  name = "go.uber.org/atomic"
  packages = ["."]
  pruneopts = "NUT"
  revision = "df976f2515e274675050de7b3f42545de80594fd"
  version = "v1.4.0"

[[projects]]
  digest = "1:58ca93bdf81bac106ded02226b5395a0595d5346cdc4caa8d9c1f3a5f8f9976e"
  name = "go.uber.org/multierr"
  packages = ["."]
  pruneopts = "NUT"
  revision = "3c4937480c32f4c13a875a1829af76c98ca3d40a"
  version = "v1.1.0"

[[projects]]
  digest = "1:dda87bef4fffb11497b22189d955e83c0bdf3726e0733d81b8996725a6074ef2"
  name = "go.uber.org/zap"
  packages = [
    ".",
    "buffer",
    "internal/bufferpool",
    "internal/color",
    "internal/exit",
    "zapcore",
    "zaptest/observer",
  ]
  pruneopts = "NUT"
  revision = "27376062155ad36be76b0f12cf1572a221d3a48c"
  version = "v1.10.0"

[[projects]]
  branch = "master"
  digest = "1:bac77e18329fa88ea880b9a7cfcb8fd25d8b835397dd9143f4b162a43e35bb60"
  name = "golang.org/x/crypto"
  packages = [
    "ed25519",
    "ed25519/internal/edwards25519",
    "pbkdf2",
    "ssh/terminal",
  ]
  pruneopts = "NUT"
  revision = "22d7a77e9e5f409e934ed268692e56707cd169e5"

[[projects]]
  branch = "master"
  digest = "1:6c9ef4e4afba6e591a6ccfccf98d389600e1547bd1dea0f4b3ce28ec0b7d555e"
  name = "golang.org/x/net"
  packages = [
    "bpf",
    "context",
    "context/ctxhttp",
    "http/httpguts",
    "http2",
    "http2/hpack",
    "idna",
    "internal/iana",
    "internal/socket",
    "internal/socks",
    "internal/timeseries",
    "ipv4",
    "ipv6",
    "proxy",
    "trace",
  ]
  pruneopts = "NUT"
  revision = "3ec19112720433827bbce8be9342797f5a6aaaf9"

[[projects]]
  branch = "master"
  digest = "1:32fefdf61acdea8724ea5a4adb8cbece2ece6b50a40c7e0681d4d161f0dabe71"
  name = "golang.org/x/sys"
  packages = [
    "unix",
    "windows",
    "windows/registry",
    "windows/svc",
    "windows/svc/debug",
    "windows/svc/eventlog",
  ]
  pruneopts = "NUT"
  revision = "ad400b1274690a55531a013560dc08706088f82b"

[[projects]]
  digest = "1:8d8faad6b12a3a4c819a3f9618cb6ee1fa1cfc33253abeeea8b55336721e3405"
  name = "golang.org/x/text"
  packages = [
    "collate",
    "collate/build",
    "internal/colltab",
    "internal/gen",
    "internal/language",
    "internal/language/compact",
    "internal/tag",
    "internal/triegen",
    "internal/ucd",
    "language",
    "secure/bidirule",
    "transform",
    "unicode/bidi",
    "unicode/cldr",
    "unicode/norm",
    "unicode/rangetable",
  ]
  pruneopts = "NUT"
  revision = "342b2e1fbaa52c93f31447ad2c6abc048c63e475"
  version = "v0.3.2"

[[projects]]
  branch = "master"
  digest = "1:a7246056f906502a71fc5d9544f51f08c5c8e6a9918b779725a1322f8e25ed36"
  name = "golang.org/x/tools"
  packages = ["go/vcs"]
  pruneopts = "NUT"
  revision = "d88f79806bbd013f54a668506864ce559edf6f0a"

[[projects]]
  branch = "master"
  digest = "1:583a0c80f5e3a9343d33aea4aead1e1afcc0043db66fdf961ddd1fe8cd3a4faf"
  name = "google.golang.org/genproto"
  packages = ["googleapis/rpc/status"]
  pruneopts = "NUT"
  revision = "bb713bdc0e5239f2b68e560efbe1c701a6fe78f9"

[[projects]]
  digest = "1:890a0dce2ef9d2f0114a50f7d2bcd3fc96e9dfbee17579ca9096f6d159f9c5c7"
  name = "google.golang.org/grpc"
  packages = [
    ".",
    "balancer",
    "balancer/base",
    "balancer/roundrobin",
    "binarylog/grpc_binarylog_v1",
    "codes",
    "connectivity",
    "credentials",
    "credentials/internal",
    "encoding",
    "encoding/gzip",
    "encoding/proto",
    "grpclog",
    "internal",
    "internal/backoff",
    "internal/balancerload",
    "internal/binarylog",
    "internal/channelz",
    "internal/envconfig",
    "internal/grpcrand",
    "internal/grpcsync",
    "internal/syscall",
    "internal/transport",
    "keepalive",
    "metadata",
    "naming",
    "peer",
    "resolver",
    "resolver/dns",
    "resolver/passthrough",
    "stats",
    "status",
    "tap",
  ]
  pruneopts = "NUT"
  revision = "25c4f928eaa6d96443009bd842389fb4fa48664e"
  version = "v1.20.1"

[[projects]]
  digest = "1:18108594151654e9e696b27b181b953f9a90b16bf14d253dd1b397b025a1487f"
  name = "gopkg.in/yaml.v2"
  packages = ["."]
  pruneopts = "NUT"
  revision = "51d6538a90f86fe93ac480b35f37b2be17fef232"
  version = "v2.2.2"

[[projects]]
  branch = "master"
  digest = "1:1bce320effc060f0b6ba105bc2d4da50f0d79c3e873da4d313a60f3cf2afbb03"
  name = "howett.net/plist"
  packages = ["."]
  pruneopts = "NUT"
  revision = "591f970eefbbeb04d7b37f334a0c4c3256e32876"

[solve-meta]
  analyzer-name = "dep"
  analyzer-version = 1
  input-imports = [
    "github.com/aristanetworks/goarista/gnmi",
    "github.com/elastic/beats/dev-tools/mage",
    "github.com/elastic/beats/libbeat/asset",
    "github.com/elastic/beats/libbeat/beat",
    "github.com/elastic/beats/libbeat/cmd",
    "github.com/elastic/beats/libbeat/common",
    "github.com/elastic/beats/libbeat/logp",
    "github.com/elastic/beats/libbeat/outputs/elasticsearch",
    "github.com/elastic/beats/libbeat/outputs/outil",
    "github.com/elastic/beats/libbeat/publisher",
    "github.com/magefile/mage/mg",
    "github.com/magefile/mage/sh",
    "github.com/openconfig/gnmi/proto/gnmi",
  ]
  solver-name = "gps-cdcl"
  solver-version = 1
